
Microsoft Visual Studio Solution File, Format Version 12.00
# Visual Studio Version 17
VisualStudioVersion = 17.5.33502.453
MinimumVisualStudioVersion = 10.0.40219.1
Project("{54A90642-561A-4BB1-A94E-469ADEE60C69}") = "reactproject3", "reactproject3.esproj", "{0D346BE4-B39C-4BE7-88C9-D1E0258BFDD0}"
EndProject
Global
	GlobalSection(SolutionConfigurationPlatforms) = preSolution
		Debug|Any CPU = Debug|Any CPU
		Release|Any CPU = Release|Any CPU
	EndGlobalSection
	GlobalSection(ProjectConfigurationPlatforms) = postSolution
		{0D346BE4-B39C-4BE7-88C9-D1E0258BFDD0}.Debug|Any CPU.ActiveCfg = Debug|Any CPU
		{0D346BE4-B39C-4BE7-88C9-D1E0258BFDD0}.Debug|Any CPU.Build.0 = Debug|Any CPU
		{0D346BE4-B39C-4BE7-88C9-D1E0258BFDD0}.Debug|Any CPU.Deploy.0 = Debug|Any CPU
		{0D346BE4-B39C-4BE7-88C9-D1E0258BFDD0}.Release|Any CPU.ActiveCfg = Release|Any CPU
		{0D346BE4-B39C-4BE7-88C9-D1E0258BFDD0}.Release|Any CPU.Build.0 = Release|Any CPU
		{0D346BE4-B39C-4BE7-88C9-D1E0258BFDD0}.Release|Any CPU.Deploy.0 = Release|Any CPU
	EndGlobalSection
	GlobalSection(SolutionProperties) = preSolution
		HideSolutionNode = FALSE
	EndGlobalSection
	GlobalSection(ExtensibilityGlobals) = postSolution
		SolutionGuid = {449BF844-3E5C-4DE9-BF66-DB31D6759096}
	EndGlobalSection
EndGlobal
